
Microsoft Visual Studio Solution File, Format Version 12.00
# Visual Studio Version 17
VisualStudioVersion = 17.5.002.0
MinimumVisualStudioVersion = 10.0.40219.1
Project("{2150E333-8FDC-42A3-9474-1A3956D46DE8}") = "csharp-prep", "csharp-prep", "{F8159728-44CC-45C4-904D-78005C38A037}"
EndProject
Project("{9A19103F-16F7-4668-BE54-9A1E7A4F7556}") = "Prep1", "csharp-prep\Prep1\Prep1.csproj", "{F054FCC8-D2CE-4CFA-94A5-A72812EA3182}"
EndProject
Project("{9A19103F-16F7-4668-BE54-9A1E7A4F7556}") = "Prep2", "csharp-prep\Prep2\Prep2.csproj", "{65CC005D-5689-4953-B62D-DC2FFF610A23}"
EndProject
Project("{9A19103F-16F7-4668-BE54-9A1E7A4F7556}") = "Prep3", "csharp-prep\Prep3\Prep3.csproj", "{1FFAE6F6-D2AF-46BC-B4BA-81CE64B527EB}"
EndProject
Project("{9A19103F-16F7-4668-BE54-9A1E7A4F7556}") = "Prep4", "csharp-prep\Prep4\Prep4.csproj", "{55A2D48E-29A3-4BC6-87E3-86661C4DBE37}"
EndProject
Project("{9A19103F-16F7-4668-BE54-9A1E7A4F7556}") = "Prep5", "csharp-prep\Prep5\Prep5.csproj", "{E6267325-074E-42F7-AE7A-29E5BB1806A3}"
EndProject
Project("{2150E333-8FDC-42A3-9474-1A3956D46DE8}") = "final", "final", "{159A32E7-2D9B-494F-BDC6-1FBC1A8C07C6}"
EndProject
Project("{9A19103F-16F7-4668-BE54-9A1E7A4F7556}") = "FinalProject", "final\FinalProject\FinalProject.csproj", "{B0A92703-8896-436F-9A6B-9A2E14163364}"
EndProject
Project("{9A19103F-16F7-4668-BE54-9A1E7A4F7556}") = "Foundation1", "final\Foundation1\Foundation1.csproj", "{C195DF79-96F8-4ECF-9380-36D3468EF92D}"
EndProject
Project("{9A19103F-16F7-4668-BE54-9A1E7A4F7556}") = "Foundation2", "final\Foundation2\Foundation2.csproj", "{5E4A4F51-552E-43A7-9666-0C18231661E4}"
EndProject
Project("{9A19103F-16F7-4668-BE54-9A1E7A4F7556}") = "Foundation3", "final\Foundation3\Foundation3.csproj", "{87798C11-F98A-4289-A836-3FFDD67F2A0A}"
EndProject
Project("{9A19103F-16F7-4668-BE54-9A1E7A4F7556}") = "Foundation4", "final\Foundation4\Foundation4.csproj", "{D733C7F9-5E51-4367-B0BC-DDEC72F64928}"
EndProject
Project("{2150E333-8FDC-42A3-9474-1A3956D46DE8}") = "prepare", "prepare", "{09D206A9-24F2-443D-9655-00B6052280B1}"
EndProject
Project("{9A19103F-16F7-4668-BE54-9A1E7A4F7556}") = "Learning02", "prepare\Learning02\Learning02.csproj", "{BCD9CA1F-9C6E-421C-99E7-59A5D03CFDDB}"
EndProject
Project("{9A19103F-16F7-4668-BE54-9A1E7A4F7556}") = "Learning03", "prepare\Learning03\Learning03.csproj", "{C1684E9B-62A8-472B-A496-A9343C9E15B4}"
EndProject
Project("{9A19103F-16F7-4668-BE54-9A1E7A4F7556}") = "Learning04", "prepare\Learning04\Learning04.csproj", "{F19AF58A-8D08-4354-90AA-24200C4747F9}"
EndProject
Project("{9A19103F-16F7-4668-BE54-9A1E7A4F7556}") = "Learning05", "prepare\Learning05\Learning05.csproj", "{BAF95727-3000-4154-A1AE-772E6F46AFB0}"
EndProject
Project("{2150E333-8FDC-42A3-9474-1A3956D46DE8}") = "prove", "prove", "{76113697-AA19-4E92-81D8-B3218453464E}"
EndProject
Project("{9A19103F-16F7-4668-BE54-9A1E7A4F7556}") = "Develop02", "prove\Develop02\Develop02.csproj", "{EC6745CA-776C-4F56-95CD-DC15CDD83DC5}"
EndProject
Project("{9A19103F-16F7-4668-BE54-9A1E7A4F7556}") = "Develop03", "prove\Develop03\Develop03.csproj", "{E15D1A19-C25A-4A0C-9A77-2A567271B9A6}"
EndProject
Project("{9A19103F-16F7-4668-BE54-9A1E7A4F7556}") = "Develop04", "prove\Develop04\Develop04.csproj", "{7ADB104F-2962-4832-9FA8-B1E79FA8B184}"
EndProject
Project("{9A19103F-16F7-4668-BE54-9A1E7A4F7556}") = "Develop05", "prove\Develop05\Develop05.csproj", "{1492C398-5339-4EA9-99DF-2A7C9E932E86}"
EndProject
Project("{2150E333-8FDC-42A3-9474-1A3956D46DE8}") = "sandbox", "sandbox", "{B7671882-7C67-4C20-A543-AD2CE2D11E30}"
EndProject
Project("{9A19103F-16F7-4668-BE54-9A1E7A4F7556}") = "Sandbox", "sandbox\Sandbox\Sandbox.csproj", "{CFF9FD27-6955-470E-8FBC-4F1406841E58}"
EndProject
Global
	GlobalSection(SolutionConfigurationPlatforms) = preSolution
		Debug|Any CPU = Debug|Any CPU
		Release|Any CPU = Release|Any CPU
	EndGlobalSection
	GlobalSection(ProjectConfigurationPlatforms) = postSolution
		{F054FCC8-D2CE-4CFA-94A5-A72812EA3182}.Debug|Any CPU.ActiveCfg = Debug|Any CPU
		{F054FCC8-D2CE-4CFA-94A5-A72812EA3182}.Debug|Any CPU.Build.0 = Debug|Any CPU
		{F054FCC8-D2CE-4CFA-94A5-A72812EA3182}.Release|Any CPU.ActiveCfg = Release|Any CPU
		{F054FCC8-D2CE-4CFA-94A5-A72812EA3182}.Release|Any CPU.Build.0 = Release|Any CPU
		{65CC005D-5689-4953-B62D-DC2FFF610A23}.Debug|Any CPU.ActiveCfg = Debug|Any CPU
		{65CC005D-5689-4953-B62D-DC2FFF610A23}.Debug|Any CPU.Build.0 = Debug|Any CPU
		{65CC005D-5689-4953-B62D-DC2FFF610A23}.Release|Any CPU.ActiveCfg = Release|Any CPU
		{65CC005D-5689-4953-B62D-DC2FFF610A23}.Release|Any CPU.Build.0 = Release|Any CPU
		{1FFAE6F6-D2AF-46BC-B4BA-81CE64B527EB}.Debug|Any CPU.ActiveCfg = Debug|Any CPU
		{1FFAE6F6-D2AF-46BC-B4BA-81CE64B527EB}.Debug|Any CPU.Build.0 = Debug|Any CPU
		{1FFAE6F6-D2AF-46BC-B4BA-81CE64B527EB}.Release|Any CPU.ActiveCfg = Release|Any CPU
		{1FFAE6F6-D2AF-46BC-B4BA-81CE64B527EB}.Release|Any CPU.Build.0 = Release|Any CPU
		{55A2D48E-29A3-4BC6-87E3-86661C4DBE37}.Debug|Any CPU.ActiveCfg = Debug|Any CPU
		{55A2D48E-29A3-4BC6-87E3-86661C4DBE37}.Debug|Any CPU.Build.0 = Debug|Any CPU
		{55A2D48E-29A3-4BC6-87E3-86661C4DBE37}.Release|Any CPU.ActiveCfg = Release|Any CPU
		{55A2D48E-29A3-4BC6-87E3-86661C4DBE37}.Release|Any CPU.Build.0 = Release|Any CPU
		{E6267325-074E-42F7-AE7A-29E5BB1806A3}.Debug|Any CPU.ActiveCfg = Debug|Any CPU
		{E6267325-074E-42F7-AE7A-29E5BB1806A3}.Debug|Any CPU.Build.0 = Debug|Any CPU
		{E6267325-074E-42F7-AE7A-29E5BB1806A3}.Release|Any CPU.ActiveCfg = Release|Any CPU
		{E6267325-074E-42F7-AE7A-29E5BB1806A3}.Release|Any CPU.Build.0 = Release|Any CPU
		{B0A92703-8896-436F-9A6B-9A2E14163364}.Debug|Any CPU.ActiveCfg = Debug|Any CPU
		{B0A92703-8896-436F-9A6B-9A2E14163364}.Debug|Any CPU.Build.0 = Debug|Any CPU
		{B0A92703-8896-436F-9A6B-9A2E14163364}.Release|Any CPU.ActiveCfg = Release|Any CPU
		{B0A92703-8896-436F-9A6B-9A2E14163364}.Release|Any CPU.Build.0 = Release|Any CPU
		{C195DF79-96F8-4ECF-9380-36D3468EF92D}.Debug|Any CPU.ActiveCfg = Debug|Any CPU
		{C195DF79-96F8-4ECF-9380-36D3468EF92D}.Debug|Any CPU.Build.0 = Debug|Any CPU
		{C195DF79-96F8-4ECF-9380-36D3468EF92D}.Release|Any CPU.ActiveCfg = Release|Any CPU
		{C195DF79-96F8-4ECF-9380-36D3468EF92D}.Release|Any CPU.Build.0 = Release|Any CPU
		{5E4A4F51-552E-43A7-9666-0C18231661E4}.Debug|Any CPU.ActiveCfg = Debug|Any CPU
		{5E4A4F51-552E-43A7-9666-0C18231661E4}.Debug|Any CPU.Build.0 = Debug|Any CPU
		{5E4A4F51-552E-43A7-9666-0C18231661E4}.Release|Any CPU.ActiveCfg = Release|Any CPU
		{5E4A4F51-552E-43A7-9666-0C18231661E4}.Release|Any CPU.Build.0 = Release|Any CPU
		{87798C11-F98A-4289-A836-3FFDD67F2A0A}.Debug|Any CPU.ActiveCfg = Debug|Any CPU
		{87798C11-F98A-4289-A836-3FFDD67F2A0A}.Debug|Any CPU.Build.0 = Debug|Any CPU
		{87798C11-F98A-4289-A836-3FFDD67F2A0A}.Release|Any CPU.ActiveCfg = Release|Any CPU
		{87798C11-F98A-4289-A836-3FFDD67F2A0A}.Release|Any CPU.Build.0 = Release|Any CPU
		{D733C7F9-5E51-4367-B0BC-DDEC72F64928}.Debug|Any CPU.ActiveCfg = Debug|Any CPU
		{D733C7F9-5E51-4367-B0BC-DDEC72F64928}.Debug|Any CPU.Build.0 = Debug|Any CPU
		{D733C7F9-5E51-4367-B0BC-DDEC72F64928}.Release|Any CPU.ActiveCfg = Release|Any CPU
		{D733C7F9-5E51-4367-B0BC-DDEC72F64928}.Release|Any CPU.Build.0 = Release|Any CPU
		{BCD9CA1F-9C6E-421C-99E7-59A5D03CFDDB}.Debug|Any CPU.ActiveCfg = Debug|Any CPU
		{BCD9CA1F-9C6E-421C-99E7-59A5D03CFDDB}.Debug|Any CPU.Build.0 = Debug|Any CPU
		{BCD9CA1F-9C6E-421C-99E7-59A5D03CFDDB}.Release|Any CPU.ActiveCfg = Release|Any CPU
		{BCD9CA1F-9C6E-421C-99E7-59A5D03CFDDB}.Release|Any CPU.Build.0 = Release|Any CPU
		{C1684E9B-62A8-472B-A496-A9343C9E15B4}.Debug|Any CPU.ActiveCfg = Debug|Any CPU
		{C1684E9B-62A8-472B-A496-A9343C9E15B4}.Debug|Any CPU.Build.0 = Debug|Any CPU
		{C1684E9B-62A8-472B-A496-A9343C9E15B4}.Release|Any CPU.ActiveCfg = Release|Any CPU
		{C1684E9B-62A8-472B-A496-A9343C9E15B4}.Release|Any CPU.Build.0 = Release|Any CPU
		{F19AF58A-8D08-4354-90AA-24200C4747F9}.Debug|Any CPU.ActiveCfg = Debug|Any CPU
		{F19AF58A-8D08-4354-90AA-24200C4747F9}.Debug|Any CPU.Build.0 = Debug|Any CPU
		{F19AF58A-8D08-4354-90AA-24200C4747F9}.Release|Any CPU.ActiveCfg = Release|Any CPU
		{F19AF58A-8D08-4354-90AA-24200C4747F9}.Release|Any CPU.Build.0 = Release|Any CPU
		{BAF95727-3000-4154-A1AE-772E6F46AFB0}.Debug|Any CPU.ActiveCfg = Debug|Any CPU
		{BAF95727-3000-4154-A1AE-772E6F46AFB0}.Debug|Any CPU.Build.0 = Debug|Any CPU
		{BAF95727-3000-4154-A1AE-772E6F46AFB0}.Release|Any CPU.ActiveCfg = Release|Any CPU
		{BAF95727-3000-4154-A1AE-772E6F46AFB0}.Release|Any CPU.Build.0 = Release|Any CPU
		{EC6745CA-776C-4F56-95CD-DC15CDD83DC5}.Debug|Any CPU.ActiveCfg = Debug|Any CPU
		{EC6745CA-776C-4F56-95CD-DC15CDD83DC5}.Debug|Any CPU.Build.0 = Debug|Any CPU
		{EC6745CA-776C-4F56-95CD-DC15CDD83DC5}.Release|Any CPU.ActiveCfg = Release|Any CPU
		{EC6745CA-776C-4F56-95CD-DC15CDD83DC5}.Release|Any CPU.Build.0 = Release|Any CPU
		{E15D1A19-C25A-4A0C-9A77-2A567271B9A6}.Debug|Any CPU.ActiveCfg = Debug|Any CPU
		{E15D1A19-C25A-4A0C-9A77-2A567271B9A6}.Debug|Any CPU.Build.0 = Debug|Any CPU
		{E15D1A19-C25A-4A0C-9A77-2A567271B9A6}.Release|Any CPU.ActiveCfg = Release|Any CPU
		{E15D1A19-C25A-4A0C-9A77-2A567271B9A6}.Release|Any CPU.Build.0 = Release|Any CPU
		{7ADB104F-2962-4832-9FA8-B1E79FA8B184}.Debug|Any CPU.ActiveCfg = Debug|Any CPU
		{7ADB104F-2962-4832-9FA8-B1E79FA8B184}.Debug|Any CPU.Build.0 = Debug|Any CPU
		{7ADB104F-2962-4832-9FA8-B1E79FA8B184}.Release|Any CPU.ActiveCfg = Release|Any CPU
		{7ADB104F-2962-4832-9FA8-B1E79FA8B184}.Release|Any CPU.Build.0 = Release|Any CPU
		{1492C398-5339-4EA9-99DF-2A7C9E932E86}.Debug|Any CPU.ActiveCfg = Debug|Any CPU
		{1492C398-5339-4EA9-99DF-2A7C9E932E86}.Debug|Any CPU.Build.0 = Debug|Any CPU
		{1492C398-5339-4EA9-99DF-2A7C9E932E86}.Release|Any CPU.ActiveCfg = Release|Any CPU
		{1492C398-5339-4EA9-99DF-2A7C9E932E86}.Release|Any CPU.Build.0 = Release|Any CPU
		{CFF9FD27-6955-470E-8FBC-4F1406841E58}.Debug|Any CPU.ActiveCfg = Debug|Any CPU
		{CFF9FD27-6955-470E-8FBC-4F1406841E58}.Debug|Any CPU.Build.0 = Debug|Any CPU
		{CFF9FD27-6955-470E-8FBC-4F1406841E58}.Release|Any CPU.ActiveCfg = Release|Any CPU
		{CFF9FD27-6955-470E-8FBC-4F1406841E58}.Release|Any CPU.Build.0 = Release|Any CPU
	EndGlobalSection
	GlobalSection(SolutionProperties) = preSolution
		HideSolutionNode = FALSE
	EndGlobalSection
	GlobalSection(NestedProjects) = preSolution
		{F054FCC8-D2CE-4CFA-94A5-A72812EA3182} = {F8159728-44CC-45C4-904D-78005C38A037}
		{65CC005D-5689-4953-B62D-DC2FFF610A23} = {F8159728-44CC-45C4-904D-78005C38A037}
		{1FFAE6F6-D2AF-46BC-B4BA-81CE64B527EB} = {F8159728-44CC-45C4-904D-78005C38A037}
		{55A2D48E-29A3-4BC6-87E3-86661C4DBE37} = {F8159728-44CC-45C4-904D-78005C38A037}
		{E6267325-074E-42F7-AE7A-29E5BB1806A3} = {F8159728-44CC-45C4-904D-78005C38A037}
		{B0A92703-8896-436F-9A6B-9A2E14163364} = {159A32E7-2D9B-494F-BDC6-1FBC1A8C07C6}
		{C195DF79-96F8-4ECF-9380-36D3468EF92D} = {159A32E7-2D9B-494F-BDC6-1FBC1A8C07C6}
		{5E4A4F51-552E-43A7-9666-0C18231661E4} = {159A32E7-2D9B-494F-BDC6-1FBC1A8C07C6}
		{87798C11-F98A-4289-A836-3FFDD67F2A0A} = {159A32E7-2D9B-494F-BDC6-1FBC1A8C07C6}
		{D733C7F9-5E51-4367-B0BC-DDEC72F64928} = {159A32E7-2D9B-494F-BDC6-1FBC1A8C07C6}
		{BCD9CA1F-9C6E-421C-99E7-59A5D03CFDDB} = {09D206A9-24F2-443D-9655-00B6052280B1}
		{C1684E9B-62A8-472B-A496-A9343C9E15B4} = {09D206A9-24F2-443D-9655-00B6052280B1}
		{F19AF58A-8D08-4354-90AA-24200C4747F9} = {09D206A9-24F2-443D-9655-00B6052280B1}
		{BAF95727-3000-4154-A1AE-772E6F46AFB0} = {09D206A9-24F2-443D-9655-00B6052280B1}
		{EC6745CA-776C-4F56-95CD-DC15CDD83DC5} = {76113697-AA19-4E92-81D8-B3218453464E}
		{E15D1A19-C25A-4A0C-9A77-2A567271B9A6} = {76113697-AA19-4E92-81D8-B3218453464E}
		{7ADB104F-2962-4832-9FA8-B1E79FA8B184} = {76113697-AA19-4E92-81D8-B3218453464E}
		{1492C398-5339-4EA9-99DF-2A7C9E932E86} = {76113697-AA19-4E92-81D8-B3218453464E}
		{CFF9FD27-6955-470E-8FBC-4F1406841E58} = {B7671882-7C67-4C20-A543-AD2CE2D11E30}
	EndGlobalSection
	GlobalSection(ExtensibilityGlobals) = postSolution
		SolutionGuid = {464C8FFF-63BF-4B3A-9271-462072E1F5DE}
	EndGlobalSection
EndGlobal
